
Microsoft Visual Studio Solution File, Format Version 12.00
# Visual Studio 15
VisualStudioVersion = 15.0.28307.852
MinimumVisualStudioVersion = 10.0.40219.1
Project("{FAE04EC0-301F-11D3-BF4B-00C04F79EFBC}") = "App01", "App01\App01.csproj", "{E232485D-1CCE-4A16-9B8E-EA3DB4438324}"
EndProject
Global
	GlobalSection(SolutionConfigurationPlatforms) = preSolution
		Debug|Any CPU = Debug|Any CPU
		Release|Any CPU = Release|Any CPU
	EndGlobalSection
	GlobalSection(ProjectConfigurationPlatforms) = postSolution
		{E232485D-1CCE-4A16-9B8E-EA3DB4438324}.Debug|Any CPU.ActiveCfg = Debug|Any CPU
		{E232485D-1CCE-4A16-9B8E-EA3DB4438324}.Debug|Any CPU.Build.0 = Debug|Any CPU
		{E232485D-1CCE-4A16-9B8E-EA3DB4438324}.Release|Any CPU.ActiveCfg = Release|Any CPU
		{E232485D-1CCE-4A16-9B8E-EA3DB4438324}.Release|Any CPU.Build.0 = Release|Any CPU
	EndGlobalSection
	GlobalSection(SolutionProperties) = preSolution
		HideSolutionNode = FALSE
	EndGlobalSection
	GlobalSection(ExtensibilityGlobals) = postSolution
		SolutionGuid = {0B06C0B9-AADA-4670-8CC8-A8B72BAA6E36}
	EndGlobalSection
EndGlobal
